
Microsoft Visual Studio Solution File, Format Version 12.00
# Visual Studio Version 17
VisualStudioVersion = 17.5.33516.290
MinimumVisualStudioVersion = 10.0.40219.1
Project("{FAE04EC0-301F-11D3-BF4B-00C04F79EFBC}") = "UcakRezervasyonEminDuman", "UcakRezervasyonEminDuman\UcakRezervasyonEminDuman.csproj", "{B468DE07-902A-4790-AE07-EEAA5F820135}"
EndProject
Global
	GlobalSection(SolutionConfigurationPlatforms) = preSolution
		Debug|Any CPU = Debug|Any CPU
		Release|Any CPU = Release|Any CPU
	EndGlobalSection
	GlobalSection(ProjectConfigurationPlatforms) = postSolution
		{B468DE07-902A-4790-AE07-EEAA5F820135}.Debug|Any CPU.ActiveCfg = Debug|Any CPU
		{B468DE07-902A-4790-AE07-EEAA5F820135}.Debug|Any CPU.Build.0 = Debug|Any CPU
		{B468DE07-902A-4790-AE07-EEAA5F820135}.Release|Any CPU.ActiveCfg = Release|Any CPU
		{B468DE07-902A-4790-AE07-EEAA5F820135}.Release|Any CPU.Build.0 = Release|Any CPU
	EndGlobalSection
	GlobalSection(SolutionProperties) = preSolution
		HideSolutionNode = FALSE
	EndGlobalSection
	GlobalSection(ExtensibilityGlobals) = postSolution
		SolutionGuid = {A57981C6-90DD-446F-99B8-EE8E513AA5A4}
	EndGlobalSection
EndGlobal
